
Microsoft Visual Studio Solution File, Format Version 12.00
# Visual Studio 2012
Project("{FAE04EC0-301F-11D3-BF4B-00C04F79EFBC}") = "ArtGet", "ArtGet\ArtGet.csproj", "{ED4968FD-8E73-49F3-B818-8CD4ADD4A583}"
EndProject
Global
	GlobalSection(SolutionConfigurationPlatforms) = preSolution
		Debug|Any CPU = Debug|Any CPU
		Release|Any CPU = Release|Any CPU
	EndGlobalSection
	GlobalSection(ProjectConfigurationPlatforms) = postSolution
		{ED4968FD-8E73-49F3-B818-8CD4ADD4A583}.Debug|Any CPU.ActiveCfg = Debug|Any CPU
		{ED4968FD-8E73-49F3-B818-8CD4ADD4A583}.Debug|Any CPU.Build.0 = Debug|Any CPU
		{ED4968FD-8E73-49F3-B818-8CD4ADD4A583}.Release|Any CPU.ActiveCfg = Release|Any CPU
		{ED4968FD-8E73-49F3-B818-8CD4ADD4A583}.Release|Any CPU.Build.0 = Release|Any CPU
	EndGlobalSection
	GlobalSection(SolutionProperties) = preSolution
		HideSolutionNode = FALSE
	EndGlobalSection
EndGlobal
